// !$*UTF8*$!
{
	archiveVersion = 1;
	classes = {
	};
	objectVersion = 56;
	objects = {

/* Begin PBXBuildFile section */
		C04756282935529800E8300D /* PlaceModel.swift in Sources */ = {isa = PBXBuildFile; fileRef = C04756272935529800E8300D /* PlaceModel.swift */; };
		C048A798292ED2F6008792D6 /* PlacesVC.swift in Sources */ = {isa = PBXBuildFile; fileRef = C048A797292ED2F6008792D6 /* PlacesVC.swift */; };
		C052EBB1292AB4EC00700D3A /* AppDelegate.swift in Sources */ = {isa = PBXBuildFile; fileRef = C052EBB0292AB4EC00700D3A /* AppDelegate.swift */; };
		C052EBB3292AB4EC00700D3A /* SceneDelegate.swift in Sources */ = {isa = PBXBuildFile; fileRef = C052EBB2292AB4EC00700D3A /* SceneDelegate.swift */; };
		C052EBB5292AB4EC00700D3A /* SignupVC.swift in Sources */ = {isa = PBXBuildFile; fileRef = C052EBB4292AB4EC00700D3A /* SignupVC.swift */; };
		C052EBB8292AB4EC00700D3A /* Main.storyboard in Resources */ = {isa = PBXBuildFile; fileRef = C052EBB6292AB4EC00700D3A /* Main.storyboard */; };
		C052EBBA292AB4ED00700D3A /* Assets.xcassets in Resources */ = {isa = PBXBuildFile; fileRef = C052EBB9292AB4ED00700D3A /* Assets.xcassets */; };
		C052EBBD292AB4ED00700D3A /* LaunchScreen.storyboard in Resources */ = {isa = PBXBuildFile; fileRef = C052EBBB292AB4ED00700D3A /* LaunchScreen.storyboard */; };
		C0B9CE002932727B00639088 /* AddPlacesVC.swift in Sources */ = {isa = PBXBuildFile; fileRef = C0B9CDFF2932727B00639088 /* AddPlacesVC.swift */; };
		C0B9CE02293273F400639088 /* MapVC.swift in Sources */ = {isa = PBXBuildFile; fileRef = C0B9CE01293273F400639088 /* MapVC.swift */; };
		C0B9CE042932B9FD00639088 /* DetailsVC.swift in Sources */ = {isa = PBXBuildFile; fileRef = C0B9CE032932B9FD00639088 /* DetailsVC.swift */; };
		FE4E116D9E924BDB52A6EE5D /* Pods_13_FoursquareClone.framework in Frameworks */ = {isa = PBXBuildFile; fileRef = 386A43D65CB395573126AA51 /* Pods_13_FoursquareClone.framework */; };
/* End PBXBuildFile section */

/* Begin PBXFileReference section */
		386A43D65CB395573126AA51 /* Pods_13_FoursquareClone.framework */ = {isa = PBXFileReference; explicitFileType = wrapper.framework; includeInIndex = 0; path = Pods_13_FoursquareClone.framework; sourceTree = BUILT_PRODUCTS_DIR; };
		55E6824B777E7D71FF67E6B5 /* Pods-13-FoursquareClone.release.xcconfig */ = {isa = PBXFileReference; includeInIndex = 1; lastKnownFileType = text.xcconfig; name = "Pods-13-FoursquareClone.release.xcconfig"; path = "Target Support Files/Pods-13-FoursquareClone/Pods-13-FoursquareClone.release.xcconfig"; sourceTree = "<group>"; };
		ABA737B84B0232AE43DE4C49 /* Pods-13-FoursquareClone.debug.xcconfig */ = {isa = PBXFileReference; includeInIndex = 1; lastKnownFileType = text.xcconfig; name = "Pods-13-FoursquareClone.debug.xcconfig"; path = "Target Support Files/Pods-13-FoursquareClone/Pods-13-FoursquareClone.debug.xcconfig"; sourceTree = "<group>"; };
		C04756272935529800E8300D /* PlaceModel.swift */ = {isa = PBXFileReference; lastKnownFileType = sourcecode.swift; path = PlaceModel.swift; sourceTree = "<group>"; };
		C048A797292ED2F6008792D6 /* PlacesVC.swift */ = {isa = PBXFileReference; lastKnownFileType = sourcecode.swift; path = PlacesVC.swift; sourceTree = "<group>"; };
		C052EBAD292AB4EC00700D3A /* 13-FoursquareClone.app */ = {isa = PBXFileReference; explicitFileType = wrapper.application; includeInIndex = 0; path = "13-FoursquareClone.app"; sourceTree = BUILT_PRODUCTS_DIR; };
		C052EBB0292AB4EC00700D3A /* AppDelegate.swift */ = {isa = PBXFileReference; lastKnownFileType = sourcecode.swift; path = AppDelegate.swift; sourceTree = "<group>"; };
		C052EBB2292AB4EC00700D3A /* SceneDelegate.swift */ = {isa = PBXFileReference; lastKnownFileType = sourcecode.swift; path = SceneDelegate.swift; sourceTree = "<group>"; };
		C052EBB4292AB4EC00700D3A /* SignupVC.swift */ = {isa = PBXFileReference; lastKnownFileType = sourcecode.swift; path = SignupVC.swift; sourceTree = "<group>"; };
		C052EBB7292AB4EC00700D3A /* Base */ = {isa = PBXFileReference; lastKnownFileType = file.storyboard; name = Base; path = Base.lproj/Main.storyboard; sourceTree = "<group>"; };
		C052EBB9292AB4ED00700D3A /* Assets.xcassets */ = {isa = PBXFileReference; lastKnownFileType = folder.assetcatalog; path = Assets.xcassets; sourceTree = "<group>"; };
		C052EBBC292AB4ED00700D3A /* Base */ = {isa = PBXFileReference; lastKnownFileType = file.storyboard; name = Base; path = Base.lproj/LaunchScreen.storyboard; sourceTree = "<group>"; };
		C052EBBE292AB4ED00700D3A /* Info.plist */ = {isa = PBXFileReference; lastKnownFileType = text.plist.xml; path = Info.plist; sourceTree = "<group>"; };
		C0B9CDFF2932727B00639088 /* AddPlacesVC.swift */ = {isa = PBXFileReference; lastKnownFileType = sourcecode.swift; path = AddPlacesVC.swift; sourceTree = "<group>"; };
		C0B9CE01293273F400639088 /* MapVC.swift */ = {isa = PBXFileReference; lastKnownFileType = sourcecode.swift; path = MapVC.swift; sourceTree = "<group>"; };
		C0B9CE032932B9FD00639088 /* DetailsVC.swift */ = {isa = PBXFileReference; lastKnownFileType = sourcecode.swift; path = DetailsVC.swift; sourceTree = "<group>"; };
/* End PBXFileReference section */

/* Begin PBXFrameworksBuildPhase section */
		C052EBAA292AB4EC00700D3A /* Frameworks */ = {
			isa = PBXFrameworksBuildPhase;
			buildActionMask = 2147483647;
			files = (
				FE4E116D9E924BDB52A6EE5D /* Pods_13_FoursquareClone.framework in Frameworks */,
			);
			runOnlyForDeploymentPostprocessing = 0;
		};
/* End PBXFrameworksBuildPhase section */

/* Begin PBXGroup section */
		1FCF65AAE4C6ACE09647BD75 /* Pods */ = {
			isa = PBXGroup;
			children = (
				ABA737B84B0232AE43DE4C49 /* Pods-13-FoursquareClone.debug.xcconfig */,
				55E6824B777E7D71FF67E6B5 /* Pods-13-FoursquareClone.release.xcconfig */,
			);
			path = Pods;
			sourceTree = "<group>";
		};
		45835795E09D44DC55A840B2 /* Frameworks */ = {
			isa = PBXGroup;
			children = (
				386A43D65CB395573126AA51 /* Pods_13_FoursquareClone.framework */,
			);
			name = Frameworks;
			sourceTree = "<group>";
		};
		C052EBA4292AB4EC00700D3A = {
			isa = PBXGroup;
			children = (
				C052EBAF292AB4EC00700D3A /* 13-FoursquareClone */,
				C052EBAE292AB4EC00700D3A /* Products */,
				1FCF65AAE4C6ACE09647BD75 /* Pods */,
				45835795E09D44DC55A840B2 /* Frameworks */,
			);
			sourceTree = "<group>";
		};
		C052EBAE292AB4EC00700D3A /* Products */ = {
			isa = PBXGroup;
			children = (
				C052EBAD292AB4EC00700D3A /* 13-FoursquareClone.app */,
			);
			name = Products;
			sourceTree = "<group>";
		};
		C052EBAF292AB4EC00700D3A /* 13-FoursquareClone */ = {
			isa = PBXGroup;
			children = (
				C052EBB0292AB4EC00700D3A /* AppDelegate.swift */,
				C052EBB2292AB4EC00700D3A /* SceneDelegate.swift */,
				C052EBB4292AB4EC00700D3A /* SignupVC.swift */,
				C048A797292ED2F6008792D6 /* PlacesVC.swift */,
				C0B9CE032932B9FD00639088 /* DetailsVC.swift */,
				C0B9CDFF2932727B00639088 /* AddPlacesVC.swift */,
				C0B9CE01293273F400639088 /* MapVC.swift */,
				C04756272935529800E8300D /* PlaceModel.swift */,
				C052EBB6292AB4EC00700D3A /* Main.storyboard */,
				C052EBB9292AB4ED00700D3A /* Assets.xcassets */,
				C052EBBB292AB4ED00700D3A /* LaunchScreen.storyboard */,
				C052EBBE292AB4ED00700D3A /* Info.plist */,
			);
			path = "13-FoursquareClone";
			sourceTree = "<group>";
		};
/* End PBXGroup section */

/* Begin PBXNativeTarget section */
		C052EBAC292AB4EC00700D3A /* 13-FoursquareClone */ = {
			isa = PBXNativeTarget;
			buildConfigurationList = C052EBC1292AB4ED00700D3A /* Build configuration list for PBXNativeTarget "13-FoursquareClone" */;
			buildPhases = (
				9A537381ADB93189F6B6037C /* [CP] Check Pods Manifest.lock */,
				C052EBA9292AB4EC00700D3A /* Sources */,
				C052EBAA292AB4EC00700D3A /* Frameworks */,
				C052EBAB292AB4EC00700D3A /* Resources */,
				3B69A083275DB8B812BAAFF3 /* [CP] Embed Pods Frameworks */,
			);
			buildRules = (
			);
			dependencies = (
			);
			name = "13-FoursquareClone";
			productName = "13-FoursquareClone";
			productReference = C052EBAD292AB4EC00700D3A /* 13-FoursquareClone.app */;
			productType = "com.apple.product-type.application";
		};
/* End PBXNativeTarget section */

/* Begin PBXProject section */
		C052EBA5292AB4EC00700D3A /* Project object */ = {
			isa = PBXProject;
			attributes = {
				BuildIndependentTargetsInParallel = 1;
				LastSwiftUpdateCheck = 1410;
				LastUpgradeCheck = 1410;
				TargetAttributes = {
					C052EBAC292AB4EC00700D3A = {
						CreatedOnToolsVersion = 14.1;
					};
				};
			};
			buildConfigurationList = C052EBA8292AB4EC00700D3A /* Build configuration list for PBXProject "13-FoursquareClone" */;
			compatibilityVersion = "Xcode 14.0";
			developmentRegion = en;
			hasScannedForEncodings = 0;
			knownRegions = (
				en,
				Base,
			);
			mainGroup = C052EBA4292AB4EC00700D3A;
			productRefGroup = C052EBAE292AB4EC00700D3A /* Products */;
			projectDirPath = "";
			projectRoot = "";
			targets = (
				C052EBAC292AB4EC00700D3A /* 13-FoursquareClone */,
			);
		};
/* End PBXProject section */

/* Begin PBXResourcesBuildPhase section */
		C052EBAB292AB4EC00700D3A /* Resources */ = {
			isa = PBXResourcesBuildPhase;
			buildActionMask = 2147483647;
			files = (
				C052EBBD292AB4ED00700D3A /* LaunchScreen.storyboard in Resources */,
				C052EBBA292AB4ED00700D3A /* Assets.xcassets in Resources */,
				C052EBB8292AB4EC00700D3A /* Main.storyboard in Resources */,
			);
			runOnlyForDeploymentPostprocessing = 0;
		};
/* End PBXResourcesBuildPhase section */

/* Begin PBXShellScriptBuildPhase section */
		3B69A083275DB8B812BAAFF3 /* [CP] Embed Pods Frameworks */ = {
			isa = PBXShellScriptBuildPhase;
			buildActionMask = 2147483647;
			files = (
			);
			inputFileListPaths = (
				"${PODS_ROOT}/Target Support Files/Pods-13-FoursquareClone/Pods-13-FoursquareClone-frameworks-${CONFIGURATION}-input-files.xcfilelist",
			);
			name = "[CP] Embed Pods Frameworks";
			outputFileListPaths = (
				"${PODS_ROOT}/Target Support Files/Pods-13-FoursquareClone/Pods-13-FoursquareClone-frameworks-${CONFIGURATION}-output-files.xcfilelist",
			);
			runOnlyForDeploymentPostprocessing = 0;
			shellPath = /bin/sh;
			shellScript = "\"${PODS_ROOT}/Target Support Files/Pods-13-FoursquareClone/Pods-13-FoursquareClone-frameworks.sh\"\n";
			showEnvVarsInLog = 0;
		};
		9A537381ADB93189F6B6037C /* [CP] Check Pods Manifest.lock */ = {
			isa = PBXShellScriptBuildPhase;
			buildActionMask = 2147483647;
			files = (
			);
			inputFileListPaths = (
			);
			inputPaths = (
				"${PODS_PODFILE_DIR_PATH}/Podfile.lock",
				"${PODS_ROOT}/Manifest.lock",
			);
			name = "[CP] Check Pods Manifest.lock";
			outputFileListPaths = (
			);
			outputPaths = (
				"$(DERIVED_FILE_DIR)/Pods-13-FoursquareClone-checkManifestLockResult.txt",
			);
			runOnlyForDeploymentPostprocessing = 0;
			shellPath = /bin/sh;
			shellScript = "diff \"${PODS_PODFILE_DIR_PATH}/Podfile.lock\" \"${PODS_ROOT}/Manifest.lock\" > /dev/null\nif [ $? != 0 ] ; then\n    # print error to STDERR\n    echo \"error: The sandbox is not in sync with the Podfile.lock. Run 'pod install' or update your CocoaPods installation.\" >&2\n    exit 1\nfi\n# This output is used by Xcode 'outputs' to avoid re-running this script phase.\necho \"SUCCESS\" > \"${SCRIPT_OUTPUT_FILE_0}\"\n";
			showEnvVarsInLog = 0;
		};
/* End PBXShellScriptBuildPhase section */

/* Begin PBXSourcesBuildPhase section */
		C052EBA9292AB4EC00700D3A /* Sources */ = {
			isa = PBXSourcesBuildPhase;
			buildActionMask = 2147483647;
			files = (
				C052EBB5292AB4EC00700D3A /* SignupVC.swift in Sources */,
				C04756282935529800E8300D /* PlaceModel.swift in Sources */,
				C0B9CE02293273F400639088 /* MapVC.swift in Sources */,
				C052EBB1292AB4EC00700D3A /* AppDelegate.swift in Sources */,
				C0B9CE002932727B00639088 /* AddPlacesVC.swift in Sources */,
				C0B9CE042932B9FD00639088 /* DetailsVC.swift in Sources */,
				C048A798292ED2F6008792D6 /* PlacesVC.swift in Sources */,
				C052EBB3292AB4EC00700D3A /* SceneDelegate.swift in Sources */,
			);
			runOnlyForDeploymentPostprocessing = 0;
		};
/* End PBXSourcesBuildPhase section */

/* Begin PBXVariantGroup section */
		C052EBB6292AB4EC00700D3A /* Main.storyboard */ = {
			isa = PBXVariantGroup;
			children = (
				C052EBB7292AB4EC00700D3A /* Base */,
			);
			name = Main.storyboard;
			sourceTree = "<group>";
		};
		C052EBBB292AB4ED00700D3A /* LaunchScreen.storyboard */ = {
			isa = PBXVariantGroup;
			children = (
				C052EBBC292AB4ED00700D3A /* Base */,
			);
			name = LaunchScreen.storyboard;
			sourceTree = "<group>";
		};
/* End PBXVariantGroup section */

/* Begin XCBuildConfiguration section */
		C052EBBF292AB4ED00700D3A /* Debug */ = {
			isa = XCBuildConfiguration;
			buildSettings = {
				ALWAYS_SEARCH_USER_PATHS = NO;
				CLANG_ANALYZER_NONNULL = YES;
				CLANG_ANALYZER_NUMBER_OBJECT_CONVERSION = YES_AGGRESSIVE;
				CLANG_CXX_LANGUAGE_STANDARD = "gnu++20";
				CLANG_ENABLE_MODULES = YES;
				CLANG_ENABLE_OBJC_ARC = YES;
				CLANG_ENABLE_OBJC_WEAK = YES;
				CLANG_WARN_BLOCK_CAPTURE_AUTORELEASING = YES;
				CLANG_WARN_BOOL_CONVERSION = YES;
				CLANG_WARN_COMMA = YES;
				CLANG_WARN_CONSTANT_CONVERSION = YES;
				CLANG_WARN_DEPRECATED_OBJC_IMPLEMENTATIONS = YES;
				CLANG_WARN_DIRECT_OBJC_ISA_USAGE = YES_ERROR;
				CLANG_WARN_DOCUMENTATION_COMMENTS = YES;
				CLANG_WARN_EMPTY_BODY = YES;
				CLANG_WARN_ENUM_CONVERSION = YES;
				CLANG_WARN_INFINITE_RECURSION = YES;
				CLANG_WARN_INT_CONVERSION = YES;
				CLANG_WARN_NON_LITERAL_NULL_CONVERSION = YES;
				CLANG_WARN_OBJC_IMPLICIT_RETAIN_SELF = YES;
				CLANG_WARN_OBJC_LITERAL_CONVERSION = YES;
				CLANG_WARN_OBJC_ROOT_CLASS = YES_ERROR;
				CLANG_WARN_QUOTED_INCLUDE_IN_FRAMEWORK_HEADER = YES;
				CLANG_WARN_RANGE_LOOP_ANALYSIS = YES;
				CLANG_WARN_STRICT_PROTOTYPES = YES;
				CLANG_WARN_SUSPICIOUS_MOVE = YES;
				CLANG_WARN_UNGUARDED_AVAILABILITY = YES_AGGRESSIVE;
				CLANG_WARN_UNREACHABLE_CODE = YES;
				CLANG_WARN__DUPLICATE_METHOD_MATCH = YES;
				COPY_PHASE_STRIP = NO;
				DEBUG_INFORMATION_FORMAT = dwarf;
				ENABLE_STRICT_OBJC_MSGSEND = YES;
				ENABLE_TESTABILITY = YES;
				GCC_C_LANGUAGE_STANDARD = gnu11;
				GCC_DYNAMIC_NO_PIC = NO;
				GCC_NO_COMMON_BLOCKS = YES;
				GCC_OPTIMIZATION_LEVEL = 0;
				GCC_PREPROCESSOR_DEFINITIONS = (
					"DEBUG=1",
					"$(inherited)",
				);
				GCC_WARN_64_TO_32_BIT_CONVERSION = YES;
				GCC_WARN_ABOUT_RETURN_TYPE = YES_ERROR;
				GCC_WARN_UNDECLARED_SELECTOR = YES;
				GCC_WARN_UNINITIALIZED_AUTOS = YES_AGGRESSIVE;
				GCC_WARN_UNUSED_FUNCTION = YES;
				GCC_WARN_UNUSED_VARIABLE = YES;
				IPHONEOS_DEPLOYMENT_TARGET = 16.1;
				MTL_ENABLE_DEBUG_INFO = INCLUDE_SOURCE;
				MTL_FAST_MATH = YES;
				ONLY_ACTIVE_ARCH = YES;
				SDKROOT = iphoneos;
				SWIFT_ACTIVE_COMPILATION_CONDITIONS = DEBUG;
				SWIFT_OPTIMIZATION_LEVEL = "-Onone";
			};
			name = Debug;
		};
		C052EBC0292AB4ED00700D3A /* Release */ = {
			isa = XCBuildConfiguration;
			buildSettings = {
				ALWAYS_SEARCH_USER_PATHS = NO;
				CLANG_ANALYZER_NONNULL = YES;
				CLANG_ANALYZER_NUMBER_OBJECT_CONVERSION = YES_AGGRESSIVE;
				CLANG_CXX_LANGUAGE_STANDARD = "gnu++20";
				CLANG_ENABLE_MODULES = YES;
				CLANG_ENABLE_OBJC_ARC = YES;
				CLANG_ENABLE_OBJC_WEAK = YES;
				CLANG_WARN_BLOCK_CAPTURE_AUTORELEASING = YES;
				CLANG_WARN_BOOL_CONVERSION = YES;
				CLANG_WARN_COMMA = YES;
				CLANG_WARN_CONSTANT_CONVERSION = YES;
				CLANG_WARN_DEPRECATED_OBJC_IMPLEMENTATIONS = YES;
				CLANG_WARN_DIRECT_OBJC_ISA_USAGE = YES_ERROR;
				CLANG_WARN_DOCUMENTATION_COMMENTS = YES;
				CLANG_WARN_EMPTY_BODY = YES;
				CLANG_WARN_ENUM_CONVERSION = YES;
				CLANG_WARN_INFINITE_RECURSION = YES;
				CLANG_WARN_INT_CONVERSION = YES;
				CLANG_WARN_NON_LITERAL_NULL_CONVERSION = YES;
				CLANG_WARN_OBJC_IMPLICIT_RETAIN_SELF = YES;
				CLANG_WARN_OBJC_LITERAL_CONVERSION = YES;
				CLANG_WARN_OBJC_ROOT_CLASS = YES_ERROR;
				CLANG_WARN_QUOTED_INCLUDE_IN_FRAMEWORK_HEADER = YES;
				CLANG_WARN_RANGE_LOOP_ANALYSIS = YES;
				CLANG_WARN_STRICT_PROTOTYPES = YES;
				CLANG_WARN_SUSPICIOUS_MOVE = YES;
				CLANG_WARN_UNGUARDED_AVAILABILITY = YES_AGGRESSIVE;
				CLANG_WARN_UNREACHABLE_CODE = YES;
				CLANG_WARN__DUPLICATE_METHOD_MATCH = YES;
				COPY_PHASE_STRIP = NO;
				DEBUG_INFORMATION_FORMAT = "dwarf-with-dsym";
				ENABLE_NS_ASSERTIONS = NO;
				ENABLE_STRICT_OBJC_MSGSEND = YES;
				GCC_C_LANGUAGE_STANDARD = gnu11;
				GCC_NO_COMMON_BLOCKS = YES;
				GCC_WARN_64_TO_32_BIT_CONVERSION = YES;
				GCC_WARN_ABOUT_RETURN_TYPE = YES_ERROR;
				GCC_WARN_UNDECLARED_SELECTOR = YES;
				GCC_WARN_UNINITIALIZED_AUTOS = YES_AGGRESSIVE;
				GCC_WARN_UNUSED_FUNCTION = YES;
				GCC_WARN_UNUSED_VARIABLE = YES;
				IPHONEOS_DEPLOYMENT_TARGET = 16.1;
				MTL_ENABLE_DEBUG_INFO = NO;
				MTL_FAST_MATH = YES;
				SDKROOT = iphoneos;
				SWIFT_COMPILATION_MODE = wholemodule;
				SWIFT_OPTIMIZATION_LEVEL = "-O";
				VALIDATE_PRODUCT = YES;
			};
			name = Release;
		};
		C052EBC2292AB4ED00700D3A /* Debug */ = {
			isa = XCBuildConfiguration;
			baseConfigurationReference = ABA737B84B0232AE43DE4C49 /* Pods-13-FoursquareClone.debug.xcconfig */;
			buildSettings = {
				ASSETCATALOG_COMPILER_APPICON_NAME = AppIcon;
				ASSETCATALOG_COMPILER_GLOBAL_ACCENT_COLOR_NAME = AccentColor;
				CODE_SIGN_STYLE = Automatic;
				CURRENT_PROJECT_VERSION = 1;
				DEVELOPMENT_TEAM = 8N53R53J5L;
				GENERATE_INFOPLIST_FILE = YES;
				INFOPLIST_FILE = "13-FoursquareClone/Info.plist";
				INFOPLIST_KEY_UIApplicationSupportsIndirectInputEvents = YES;
				INFOPLIST_KEY_UILaunchStoryboardName = LaunchScreen;
				INFOPLIST_KEY_UIMainStoryboardFile = Main;
				INFOPLIST_KEY_UISupportedInterfaceOrientations_iPad = "UIInterfaceOrientationPortrait UIInterfaceOrientationPortraitUpsideDown UIInterfaceOrientationLandscapeLeft UIInterfaceOrientationLandscapeRight";
				INFOPLIST_KEY_UISupportedInterfaceOrientations_iPhone = "UIInterfaceOrientationPortrait UIInterfaceOrientationLandscapeLeft UIInterfaceOrientationLandscapeRight";
				LD_RUNPATH_SEARCH_PATHS = (
					"$(inherited)",
					"@executable_path/Frameworks",
				);
				MARKETING_VERSION = 1.0;
				PRODUCT_BUNDLE_IDENTIFIER = "com.berkkaya.-3-FoursquareClone";
				PRODUCT_NAME = "$(TARGET_NAME)";
				SUPPORTED_PLATFORMS = "iphoneos iphonesimulator";
				SUPPORTS_MACCATALYST = NO;
				SUPPORTS_MAC_DESIGNED_FOR_IPHONE_IPAD = NO;
				SWIFT_EMIT_LOC_STRINGS = YES;
				SWIFT_VERSION = 5.0;
				TARGETED_DEVICE_FAMILY = 1;
			};
			name = Debug;
		};
		C052EBC3292AB4ED00700D3A /* Release */ = {
			isa = XCBuildConfiguration;
			baseConfigurationReference = 55E6824B777E7D71FF67E6B5 /* Pods-13-FoursquareClone.release.xcconfig */;
			buildSettings = {
				ASSETCATALOG_COMPILER_APPICON_NAME = AppIcon;
				ASSETCATALOG_COMPILER_GLOBAL_ACCENT_COLOR_NAME = AccentColor;
				CODE_SIGN_STYLE = Automatic;
				CURRENT_PROJECT_VERSION = 1;
				DEVELOPMENT_TEAM = 8N53R53J5L;
				GENERATE_INFOPLIST_FILE = YES;
				INFOPLIST_FILE = "13-FoursquareClone/Info.plist";
				INFOPLIST_KEY_UIApplicationSupportsIndirectInputEvents = YES;
				INFOPLIST_KEY_UILaunchStoryboardName = LaunchScreen;
				INFOPLIST_KEY_UIMainStoryboardFile = Main;
				INFOPLIST_KEY_UISupportedInterfaceOrientations_iPad = "UIInterfaceOrientationPortrait UIInterfaceOrientationPortraitUpsideDown UIInterfaceOrientationLandscapeLeft UIInterfaceOrientationLandscapeRight";
				INFOPLIST_KEY_UISupportedInterfaceOrientations_iPhone = "UIInterfaceOrientationPortrait UIInterfaceOrientationLandscapeLeft UIInterfaceOrientationLandscapeRight";
				LD_RUNPATH_SEARCH_PATHS = (
					"$(inherited)",
					"@executable_path/Frameworks",
				);
				MARKETING_VERSION = 1.0;
				PRODUCT_BUNDLE_IDENTIFIER = "com.berkkaya.-3-FoursquareClone";
				PRODUCT_NAME = "$(TARGET_NAME)";
				SUPPORTED_PLATFORMS = "iphoneos iphonesimulator";
				SUPPORTS_MACCATALYST = NO;
				SUPPORTS_MAC_DESIGNED_FOR_IPHONE_IPAD = NO;
				SWIFT_EMIT_LOC_STRINGS = YES;
				SWIFT_VERSION = 5.0;
				TARGETED_DEVICE_FAMILY = 1;
			};
			name = Release;
		};
/* End XCBuildConfiguration section */

/* Begin XCConfigurationList section */
		C052EBA8292AB4EC00700D3A /* Build configuration list for PBXProject "13-FoursquareClone" */ = {
			isa = XCConfigurationList;
			buildConfigurations = (
				C052EBBF292AB4ED00700D3A /* Debug */,
				C052EBC0292AB4ED00700D3A /* Release */,
			);
			defaultConfigurationIsVisible = 0;
			defaultConfigurationName = Release;
		};
		C052EBC1292AB4ED00700D3A /* Build configuration list for PBXNativeTarget "13-FoursquareClone" */ = {
			isa = XCConfigurationList;
			buildConfigurations = (
				C052EBC2292AB4ED00700D3A /* Debug */,
				C052EBC3292AB4ED00700D3A /* Release */,
			);
			defaultConfigurationIsVisible = 0;
			defaultConfigurationName = Release;
		};
/* End XCConfigurationList section */
	};
	rootObject = C052EBA5292AB4EC00700D3A /* Project object */;
}
